
Microsoft Visual Studio Solution File, Format Version 12.00
# Visual Studio Version 16
VisualStudioVersion = 16.0.31229.75
MinimumVisualStudioVersion = 10.0.40219.1
Project("{2150E333-8FDC-42A3-9474-1A3956D46DE8}") = "Services", "Services", "{7134E5A9-ACCC-4F12-BF72-13C03D1250FF}"
EndProject
Project("{2150E333-8FDC-42A3-9474-1A3956D46DE8}") = "Catalog", "Catalog", "{C2430E8C-EFB4-41B4-B3C7-083ABD29EDF9}"
EndProject
Project("{9A19103F-16F7-4668-BE54-9A1E7A4F7556}") = "Catalog.Api", "Services\Catalog\Catalog.Api\Catalog.Api.csproj", "{05110B33-7C79-444C-9074-F9C01D034625}"
EndProject
Project("{E53339B2-1760-4266-BCC7-CA923CBCF16C}") = "docker-compose", "docker-compose.dcproj", "{0F6ABCD1-561B-4043-895E-3B92336FBC78}"
EndProject
Project("{2150E333-8FDC-42A3-9474-1A3956D46DE8}") = "Cart", "Cart", "{DA19011D-147C-49E9-8400-7BBF3C5FA74B}"
EndProject
Project("{9A19103F-16F7-4668-BE54-9A1E7A4F7556}") = "Cart.Api", "Services\Cart\Cart.Api\Cart.Api.csproj", "{9D9EFC3E-DC3F-49D4-B8B0-D58643C57C37}"
EndProject
Project("{2150E333-8FDC-42A3-9474-1A3956D46DE8}") = "Discount", "Discount", "{1FFA8263-95F4-49E4-866E-E652008B36B6}"
EndProject
Project("{9A19103F-16F7-4668-BE54-9A1E7A4F7556}") = "Discount.Api", "Services\Discount\Discount.Api\Discount.Api.csproj", "{58D41236-8D95-4C03-843F-938212D4B371}"
EndProject
Project("{FAE04EC0-301F-11D3-BF4B-00C04F79EFBC}") = "Discount.gRPC", "Services\Discount\Discount.gRPC\Discount.gRPC.csproj", "{CFD29AB6-3495-42CB-8C5E-AA6A1DBCB609}"
EndProject
Project("{2150E333-8FDC-42A3-9474-1A3956D46DE8}") = "Ordering", "Ordering", "{840B9F66-EFE4-4462-887A-7B660B691D2D}"
EndProject
Project("{FAE04EC0-301F-11D3-BF4B-00C04F79EFBC}") = "Ordering.Api", "Services\Ordering\Ordering.Api\Ordering.Api.csproj", "{06887514-F1DC-49F5-BC8D-16851A50A183}"
EndProject
Project("{FAE04EC0-301F-11D3-BF4B-00C04F79EFBC}") = "Ordering.Domain", "Services\Ordering\Ordering.Domain\Ordering.Domain.csproj", "{D3F19679-3EB9-4D62-BDED-7625D1C4CEF0}"
EndProject
Project("{FAE04EC0-301F-11D3-BF4B-00C04F79EFBC}") = "Ordering.App", "Services\Ordering\Ordering.App\Ordering.App.csproj", "{23BE1BEA-677C-4ECF-A691-7255A1876532}"
EndProject
Project("{FAE04EC0-301F-11D3-BF4B-00C04F79EFBC}") = "Ordering.infrastructure", "Services\Ordering\Ordering.Infrastracture\Ordering.infrastructure.csproj", "{C45BD301-E241-4E6B-B130-7A5812AF3824}"
EndProject
Global
	GlobalSection(SolutionConfigurationPlatforms) = preSolution
		Debug|Any CPU = Debug|Any CPU
		Release|Any CPU = Release|Any CPU
	EndGlobalSection
	GlobalSection(ProjectConfigurationPlatforms) = postSolution
		{05110B33-7C79-444C-9074-F9C01D034625}.Debug|Any CPU.ActiveCfg = Debug|Any CPU
		{05110B33-7C79-444C-9074-F9C01D034625}.Debug|Any CPU.Build.0 = Debug|Any CPU
		{05110B33-7C79-444C-9074-F9C01D034625}.Release|Any CPU.ActiveCfg = Release|Any CPU
		{05110B33-7C79-444C-9074-F9C01D034625}.Release|Any CPU.Build.0 = Release|Any CPU
		{0F6ABCD1-561B-4043-895E-3B92336FBC78}.Debug|Any CPU.ActiveCfg = Debug|Any CPU
		{0F6ABCD1-561B-4043-895E-3B92336FBC78}.Debug|Any CPU.Build.0 = Debug|Any CPU
		{0F6ABCD1-561B-4043-895E-3B92336FBC78}.Release|Any CPU.ActiveCfg = Release|Any CPU
		{0F6ABCD1-561B-4043-895E-3B92336FBC78}.Release|Any CPU.Build.0 = Release|Any CPU
		{9D9EFC3E-DC3F-49D4-B8B0-D58643C57C37}.Debug|Any CPU.ActiveCfg = Debug|Any CPU
		{9D9EFC3E-DC3F-49D4-B8B0-D58643C57C37}.Debug|Any CPU.Build.0 = Debug|Any CPU
		{9D9EFC3E-DC3F-49D4-B8B0-D58643C57C37}.Release|Any CPU.ActiveCfg = Release|Any CPU
		{9D9EFC3E-DC3F-49D4-B8B0-D58643C57C37}.Release|Any CPU.Build.0 = Release|Any CPU
		{58D41236-8D95-4C03-843F-938212D4B371}.Debug|Any CPU.ActiveCfg = Debug|Any CPU
		{58D41236-8D95-4C03-843F-938212D4B371}.Debug|Any CPU.Build.0 = Debug|Any CPU
		{58D41236-8D95-4C03-843F-938212D4B371}.Release|Any CPU.ActiveCfg = Release|Any CPU
		{58D41236-8D95-4C03-843F-938212D4B371}.Release|Any CPU.Build.0 = Release|Any CPU
		{CFD29AB6-3495-42CB-8C5E-AA6A1DBCB609}.Debug|Any CPU.ActiveCfg = Debug|Any CPU
		{CFD29AB6-3495-42CB-8C5E-AA6A1DBCB609}.Debug|Any CPU.Build.0 = Debug|Any CPU
		{CFD29AB6-3495-42CB-8C5E-AA6A1DBCB609}.Release|Any CPU.ActiveCfg = Release|Any CPU
		{CFD29AB6-3495-42CB-8C5E-AA6A1DBCB609}.Release|Any CPU.Build.0 = Release|Any CPU
		{06887514-F1DC-49F5-BC8D-16851A50A183}.Debug|Any CPU.ActiveCfg = Debug|Any CPU
		{06887514-F1DC-49F5-BC8D-16851A50A183}.Debug|Any CPU.Build.0 = Debug|Any CPU
		{06887514-F1DC-49F5-BC8D-16851A50A183}.Release|Any CPU.ActiveCfg = Release|Any CPU
		{06887514-F1DC-49F5-BC8D-16851A50A183}.Release|Any CPU.Build.0 = Release|Any CPU
		{D3F19679-3EB9-4D62-BDED-7625D1C4CEF0}.Debug|Any CPU.ActiveCfg = Debug|Any CPU
		{D3F19679-3EB9-4D62-BDED-7625D1C4CEF0}.Debug|Any CPU.Build.0 = Debug|Any CPU
		{D3F19679-3EB9-4D62-BDED-7625D1C4CEF0}.Release|Any CPU.ActiveCfg = Release|Any CPU
		{D3F19679-3EB9-4D62-BDED-7625D1C4CEF0}.Release|Any CPU.Build.0 = Release|Any CPU
		{23BE1BEA-677C-4ECF-A691-7255A1876532}.Debug|Any CPU.ActiveCfg = Debug|Any CPU
		{23BE1BEA-677C-4ECF-A691-7255A1876532}.Debug|Any CPU.Build.0 = Debug|Any CPU
		{23BE1BEA-677C-4ECF-A691-7255A1876532}.Release|Any CPU.ActiveCfg = Release|Any CPU
		{23BE1BEA-677C-4ECF-A691-7255A1876532}.Release|Any CPU.Build.0 = Release|Any CPU
		{C45BD301-E241-4E6B-B130-7A5812AF3824}.Debug|Any CPU.ActiveCfg = Debug|Any CPU
		{C45BD301-E241-4E6B-B130-7A5812AF3824}.Debug|Any CPU.Build.0 = Debug|Any CPU
		{C45BD301-E241-4E6B-B130-7A5812AF3824}.Release|Any CPU.ActiveCfg = Release|Any CPU
		{C45BD301-E241-4E6B-B130-7A5812AF3824}.Release|Any CPU.Build.0 = Release|Any CPU
	EndGlobalSection
	GlobalSection(SolutionProperties) = preSolution
		HideSolutionNode = FALSE
	EndGlobalSection
	GlobalSection(NestedProjects) = preSolution
		{C2430E8C-EFB4-41B4-B3C7-083ABD29EDF9} = {7134E5A9-ACCC-4F12-BF72-13C03D1250FF}
		{05110B33-7C79-444C-9074-F9C01D034625} = {C2430E8C-EFB4-41B4-B3C7-083ABD29EDF9}
		{DA19011D-147C-49E9-8400-7BBF3C5FA74B} = {7134E5A9-ACCC-4F12-BF72-13C03D1250FF}
		{9D9EFC3E-DC3F-49D4-B8B0-D58643C57C37} = {DA19011D-147C-49E9-8400-7BBF3C5FA74B}
		{1FFA8263-95F4-49E4-866E-E652008B36B6} = {7134E5A9-ACCC-4F12-BF72-13C03D1250FF}
		{58D41236-8D95-4C03-843F-938212D4B371} = {1FFA8263-95F4-49E4-866E-E652008B36B6}
		{CFD29AB6-3495-42CB-8C5E-AA6A1DBCB609} = {1FFA8263-95F4-49E4-866E-E652008B36B6}
		{840B9F66-EFE4-4462-887A-7B660B691D2D} = {7134E5A9-ACCC-4F12-BF72-13C03D1250FF}
		{06887514-F1DC-49F5-BC8D-16851A50A183} = {840B9F66-EFE4-4462-887A-7B660B691D2D}
		{D3F19679-3EB9-4D62-BDED-7625D1C4CEF0} = {840B9F66-EFE4-4462-887A-7B660B691D2D}
		{23BE1BEA-677C-4ECF-A691-7255A1876532} = {840B9F66-EFE4-4462-887A-7B660B691D2D}
		{C45BD301-E241-4E6B-B130-7A5812AF3824} = {840B9F66-EFE4-4462-887A-7B660B691D2D}
	EndGlobalSection
	GlobalSection(ExtensibilityGlobals) = postSolution
		SolutionGuid = {DD293500-3D74-4B4C-B103-2B7C05AE1510}
	EndGlobalSection
EndGlobal
